{
  "originHash" : "38a547460725bc6d3084961f774ff94afad49c2455a0745c921a5f2a5de689d2",
  "pins" : [
    {
      "identity" : "dialogs",
      "kind" : "remoteSourceControl",
      "location" : "https://github.com/cnimcheski/Dialogs.git",
      "state" : {
        "revision" : "4e3d27749f4fb9019d342993b8713a715a738c14",
        "version" : "1.0.0"
      }
    },
    {
      "identity" : "factory",
      "kind" : "remoteSourceControl",
      "location" : "https://github.com/hmlongco/Factory.git",
      "state" : {
        "revision" : "27717e148c0c1ed2998f687a8e98d9395d684abf",
        "version" : "3.3.2"
      }
    },
    {
      "identity" : "navigation",
      "kind" : "remoteSourceControl",
      "location" : "https://github.com/cnimcheski/Navigation.git",
      "state" : {
        "revision" : "21ea82b6837edc2f6456ec9f0a7db6798a774142",
        "version" : "1.0.4"
      }
    },
    {
      "identity" : "observabledefaults",
      "kind" : "remoteSourceControl",
      "location" : "https://github.com/fatbobman/ObservableDefaults.git",
      "state" : {
        "revision" : "5e2cca5f824afe6d08ee00ba064ff6608e110850",
        "version" : "1.8.10"
      }
    },
    {
      "identity" : "swift-syntax",
      "kind" : "remoteSourceControl",
      "location" : "https://github.com/swiftlang/swift-syntax",
      "state" : {
        "revision" : "79e4b74a295b6eb74a8b585e3a39d29e70c1dbd1",
        "version" : "603.0.2"
      }
    }
  ],
  "version" : 3
}
