// !$*UTF8*$!
{
	archiveVersion = 1;
	classes = {
	};
	objectVersion = 77;
	objects = {

/* Begin PBXBuildFile section */
		99C008BC3000AE6100CDF610 /* Navigation in Frameworks */ = {isa = PBXBuildFile; productRef = 99C008BB3000AE6100CDF610 /* Navigation */; };
		99C008C23000B26400CDF610 /* HSA_ArchiveApp.swift in Sources */ = {isa = PBXBuildFile; fileRef = 99C008BF3000B26400CDF610 /* HSA_ArchiveApp.swift */; };
		99C008C33000B26400CDF610 /* Assets.xcassets in Resources */ = {isa = PBXBuildFile; fileRef = 99C008BD3000B26400CDF610 /* Assets.xcassets */; };
		99C008C63000B26800CDF610 /* HSA_ArchiveTests.swift in Sources */ = {isa = PBXBuildFile; fileRef = 99C008C43000B26800CDF610 /* HSA_ArchiveTests.swift */; };
		99C008CA3000B26C00CDF610 /* HSA_ArchiveUITests.swift in Sources */ = {isa = PBXBuildFile; fileRef = 99C008C73000B26C00CDF610 /* HSA_ArchiveUITests.swift */; };
		99C008CB3000B26C00CDF610 /* HSA_ArchiveUITestsLaunchTests.swift in Sources */ = {isa = PBXBuildFile; fileRef = 99C008C83000B26C00CDF610 /* HSA_ArchiveUITestsLaunchTests.swift */; };
		99C008CF3000B2F900CDF610 /* TabsCoordinator.swift in Sources */ = {isa = PBXBuildFile; fileRef = 99C008CE3000B2F900CDF610 /* TabsCoordinator.swift */; };
		99C008D13000B31F00CDF610 /* TabsCoordinatorViewModel.swift in Sources */ = {isa = PBXBuildFile; fileRef = 99C008D03000B31F00CDF610 /* TabsCoordinatorViewModel.swift */; };
		99C008D43000BD4F00CDF610 /* HomeCoordinator.swift in Sources */ = {isa = PBXBuildFile; fileRef = 99C008D33000BD4F00CDF610 /* HomeCoordinator.swift */; };
		99C008D63000BD5600CDF610 /* ReceiptsCoordinator.swift in Sources */ = {isa = PBXBuildFile; fileRef = 99C008D53000BD5600CDF610 /* ReceiptsCoordinator.swift */; };
		99C008DB3001A4A900CDF610 /* HomeViewModel.swift in Sources */ = {isa = PBXBuildFile; fileRef = 99C008DA3001A4A900CDF610 /* HomeViewModel.swift */; };
		99C008DD3001A4AE00CDF610 /* HomeView.swift in Sources */ = {isa = PBXBuildFile; fileRef = 99C008DC3001A4AE00CDF610 /* HomeView.swift */; };
		99C008DF3001A57300CDF610 /* ReceiptsView.swift in Sources */ = {isa = PBXBuildFile; fileRef = 99C008DE3001A57300CDF610 /* ReceiptsView.swift */; };
		99C008E13001A57900CDF610 /* ReceiptsViewModel.swift in Sources */ = {isa = PBXBuildFile; fileRef = 99C008E03001A57900CDF610 /* ReceiptsViewModel.swift */; };
		99C008E53001DECD00CDF610 /* DotSeparator.swift in Sources */ = {isa = PBXBuildFile; fileRef = 99C008E43001DECD00CDF610 /* DotSeparator.swift */; };
		99C008E930029F8000CDF610 /* HomeView+Overview.swift in Sources */ = {isa = PBXBuildFile; fileRef = 99C008E830029F8000CDF610 /* HomeView+Overview.swift */; };
		99C008F03002A17600CDF610 /* DefaultCardStyle.swift in Sources */ = {isa = PBXBuildFile; fileRef = 99C008EF3002A17600CDF610 /* DefaultCardStyle.swift */; };
		99C008F33002A24800CDF610 /* HomeView+SyncAccountsView.swift in Sources */ = {isa = PBXBuildFile; fileRef = 99C008F23002A24800CDF610 /* HomeView+SyncAccountsView.swift */; };
		99C008F83002A8E000CDF610 /* HomeView+RecentActivitySection.swift in Sources */ = {isa = PBXBuildFile; fileRef = 99C008F73002A8E000CDF610 /* HomeView+RecentActivitySection.swift */; };
		99C008FD3002D78800CDF610 /* ReceiptPreview.swift in Sources */ = {isa = PBXBuildFile; fileRef = 99C008FC3002D78800CDF610 /* ReceiptPreview.swift */; };
		99C0090030032B7A00CDF610 /* Badge.swift in Sources */ = {isa = PBXBuildFile; fileRef = 99C008FF30032B7A00CDF610 /* Badge.swift */; };
		99C00903300345D300CDF610 /* ExtraLargeTitle.swift in Sources */ = {isa = PBXBuildFile; fileRef = 99C00902300345D300CDF610 /* ExtraLargeTitle.swift */; };
		99C00906300416F800CDF610 /* ShapeStyle+Colors.swift in Sources */ = {isa = PBXBuildFile; fileRef = 99C00905300416F800CDF610 /* ShapeStyle+Colors.swift */; };
		99C00908300417EA00CDF610 /* Spacing.swift in Sources */ = {isa = PBXBuildFile; fileRef = 99C00907300417EA00CDF610 /* Spacing.swift */; };
		99C0090A3004197100CDF610 /* Theme.swift in Sources */ = {isa = PBXBuildFile; fileRef = 99C009093004197100CDF610 /* Theme.swift */; };
		99C0090C30043A3400CDF610 /* CornerRadius.swift in Sources */ = {isa = PBXBuildFile; fileRef = 99C0090B30043A3400CDF610 /* CornerRadius.swift */; };
		99C0090F3004477100CDF610 /* HomeView+Overview+BalanceCard.swift in Sources */ = {isa = PBXBuildFile; fileRef = 99C0090E3004477100CDF610 /* HomeView+Overview+BalanceCard.swift */; };
		99C009113004549900CDF610 /* FormatStyle.swift in Sources */ = {isa = PBXBuildFile; fileRef = 99C009103004549900CDF610 /* FormatStyle.swift */; };
/* End PBXBuildFile section */

/* Begin PBXContainerItemProxy section */
		99C0089E3000ADEF00CDF610 /* PBXContainerItemProxy */ = {
			isa = PBXContainerItemProxy;
			containerPortal = 99C008883000ADED00CDF610 /* Project object */;
			proxyType = 1;
			remoteGlobalIDString = 99C0088F3000ADED00CDF610;
			remoteInfo = "HSA Archive";
		};
		99C008A83000ADEF00CDF610 /* PBXContainerItemProxy */ = {
			isa = PBXContainerItemProxy;
			containerPortal = 99C008883000ADED00CDF610 /* Project object */;
			proxyType = 1;
			remoteGlobalIDString = 99C0088F3000ADED00CDF610;
			remoteInfo = "HSA Archive";
		};
/* End PBXContainerItemProxy section */

/* Begin PBXFileReference section */
		99C008903000ADED00CDF610 /* HSA Archive.app */ = {isa = PBXFileReference; explicitFileType = wrapper.application; includeInIndex = 0; path = "HSA Archive.app"; sourceTree = BUILT_PRODUCTS_DIR; };
		99C0089D3000ADEF00CDF610 /* HSA ArchiveTests.xctest */ = {isa = PBXFileReference; explicitFileType = wrapper.cfbundle; includeInIndex = 0; path = "HSA ArchiveTests.xctest"; sourceTree = BUILT_PRODUCTS_DIR; };
		99C008A73000ADEF00CDF610 /* HSA ArchiveUITests.xctest */ = {isa = PBXFileReference; explicitFileType = wrapper.cfbundle; includeInIndex = 0; path = "HSA ArchiveUITests.xctest"; sourceTree = BUILT_PRODUCTS_DIR; };
		99C008BD3000B26400CDF610 /* Assets.xcassets */ = {isa = PBXFileReference; lastKnownFileType = folder.assetcatalog; path = Assets.xcassets; sourceTree = "<group>"; };
		99C008BF3000B26400CDF610 /* HSA_ArchiveApp.swift */ = {isa = PBXFileReference; lastKnownFileType = sourcecode.swift; path = HSA_ArchiveApp.swift; sourceTree = "<group>"; };
		99C008C43000B26800CDF610 /* HSA_ArchiveTests.swift */ = {isa = PBXFileReference; lastKnownFileType = sourcecode.swift; path = HSA_ArchiveTests.swift; sourceTree = "<group>"; };
		99C008C73000B26C00CDF610 /* HSA_ArchiveUITests.swift */ = {isa = PBXFileReference; lastKnownFileType = sourcecode.swift; path = HSA_ArchiveUITests.swift; sourceTree = "<group>"; };
		99C008C83000B26C00CDF610 /* HSA_ArchiveUITestsLaunchTests.swift */ = {isa = PBXFileReference; lastKnownFileType = sourcecode.swift; path = HSA_ArchiveUITestsLaunchTests.swift; sourceTree = "<group>"; };
		99C008CE3000B2F900CDF610 /* TabsCoordinator.swift */ = {isa = PBXFileReference; lastKnownFileType = sourcecode.swift; path = TabsCoordinator.swift; sourceTree = "<group>"; };
		99C008D03000B31F00CDF610 /* TabsCoordinatorViewModel.swift */ = {isa = PBXFileReference; lastKnownFileType = sourcecode.swift; path = TabsCoordinatorViewModel.swift; sourceTree = "<group>"; };
		99C008D33000BD4F00CDF610 /* HomeCoordinator.swift */ = {isa = PBXFileReference; lastKnownFileType = sourcecode.swift; path = HomeCoordinator.swift; sourceTree = "<group>"; };
		99C008D53000BD5600CDF610 /* ReceiptsCoordinator.swift */ = {isa = PBXFileReference; lastKnownFileType = sourcecode.swift; path = ReceiptsCoordinator.swift; sourceTree = "<group>"; };
		99C008DA3001A4A900CDF610 /* HomeViewModel.swift */ = {isa = PBXFileReference; lastKnownFileType = sourcecode.swift; path = HomeViewModel.swift; sourceTree = "<group>"; };
		99C008DC3001A4AE00CDF610 /* HomeView.swift */ = {isa = PBXFileReference; lastKnownFileType = sourcecode.swift; path = HomeView.swift; sourceTree = "<group>"; };
		99C008DE3001A57300CDF610 /* ReceiptsView.swift */ = {isa = PBXFileReference; lastKnownFileType = sourcecode.swift; path = ReceiptsView.swift; sourceTree = "<group>"; };
		99C008E03001A57900CDF610 /* ReceiptsViewModel.swift */ = {isa = PBXFileReference; lastKnownFileType = sourcecode.swift; path = ReceiptsViewModel.swift; sourceTree = "<group>"; };
		99C008E43001DECD00CDF610 /* DotSeparator.swift */ = {isa = PBXFileReference; lastKnownFileType = sourcecode.swift; path = DotSeparator.swift; sourceTree = "<group>"; };
		99C008E830029F8000CDF610 /* HomeView+Overview.swift */ = {isa = PBXFileReference; lastKnownFileType = sourcecode.swift; path = "HomeView+Overview.swift"; sourceTree = "<group>"; };
		99C008EF3002A17600CDF610 /* DefaultCardStyle.swift */ = {isa = PBXFileReference; lastKnownFileType = sourcecode.swift; path = DefaultCardStyle.swift; sourceTree = "<group>"; };
		99C008F23002A24800CDF610 /* HomeView+SyncAccountsView.swift */ = {isa = PBXFileReference; lastKnownFileType = sourcecode.swift; path = "HomeView+SyncAccountsView.swift"; sourceTree = "<group>"; };
		99C008F73002A8E000CDF610 /* HomeView+RecentActivitySection.swift */ = {isa = PBXFileReference; lastKnownFileType = sourcecode.swift; path = "HomeView+RecentActivitySection.swift"; sourceTree = "<group>"; };
		99C008FC3002D78800CDF610 /* ReceiptPreview.swift */ = {isa = PBXFileReference; lastKnownFileType = sourcecode.swift; path = ReceiptPreview.swift; sourceTree = "<group>"; };
		99C008FF30032B7A00CDF610 /* Badge.swift */ = {isa = PBXFileReference; lastKnownFileType = sourcecode.swift; path = Badge.swift; sourceTree = "<group>"; };
		99C00902300345D300CDF610 /* ExtraLargeTitle.swift */ = {isa = PBXFileReference; lastKnownFileType = sourcecode.swift; path = ExtraLargeTitle.swift; sourceTree = "<group>"; };
		99C00905300416F800CDF610 /* ShapeStyle+Colors.swift */ = {isa = PBXFileReference; lastKnownFileType = sourcecode.swift; path = "ShapeStyle+Colors.swift"; sourceTree = "<group>"; };
		99C00907300417EA00CDF610 /* Spacing.swift */ = {isa = PBXFileReference; lastKnownFileType = sourcecode.swift; path = Spacing.swift; sourceTree = "<group>"; };
		99C009093004197100CDF610 /* Theme.swift */ = {isa = PBXFileReference; lastKnownFileType = sourcecode.swift; path = Theme.swift; sourceTree = "<group>"; };
		99C0090B30043A3400CDF610 /* CornerRadius.swift */ = {isa = PBXFileReference; lastKnownFileType = sourcecode.swift; path = CornerRadius.swift; sourceTree = "<group>"; };
		99C0090E3004477100CDF610 /* HomeView+Overview+BalanceCard.swift */ = {isa = PBXFileReference; lastKnownFileType = sourcecode.swift; path = "HomeView+Overview+BalanceCard.swift"; sourceTree = "<group>"; };
		99C009103004549900CDF610 /* FormatStyle.swift */ = {isa = PBXFileReference; lastKnownFileType = sourcecode.swift; path = FormatStyle.swift; sourceTree = "<group>"; };
/* End PBXFileReference section */

/* Begin PBXFrameworksBuildPhase section */
		99C0088D3000ADED00CDF610 /* Frameworks */ = {
			isa = PBXFrameworksBuildPhase;
			buildActionMask = 2147483647;
			files = (
				99C008BC3000AE6100CDF610 /* Navigation in Frameworks */,
			);
			runOnlyForDeploymentPostprocessing = 0;
		};
		99C0089A3000ADEF00CDF610 /* Frameworks */ = {
			isa = PBXFrameworksBuildPhase;
			buildActionMask = 2147483647;
			files = (
			);
			runOnlyForDeploymentPostprocessing = 0;
		};
		99C008A43000ADEF00CDF610 /* Frameworks */ = {
			isa = PBXFrameworksBuildPhase;
			buildActionMask = 2147483647;
			files = (
			);
			runOnlyForDeploymentPostprocessing = 0;
		};
/* End PBXFrameworksBuildPhase section */

/* Begin PBXGroup section */
		99C008873000ADED00CDF610 = {
			isa = PBXGroup;
			children = (
				99C008C03000B26400CDF610 /* HSA Archive */,
				99C008C53000B26800CDF610 /* HSA ArchiveTests */,
				99C008C93000B26C00CDF610 /* HSA ArchiveUITests */,
				99C008913000ADED00CDF610 /* Products */,
			);
			sourceTree = "<group>";
		};
		99C008913000ADED00CDF610 /* Products */ = {
			isa = PBXGroup;
			children = (
				99C008903000ADED00CDF610 /* HSA Archive.app */,
				99C0089D3000ADEF00CDF610 /* HSA ArchiveTests.xctest */,
				99C008A73000ADEF00CDF610 /* HSA ArchiveUITests.xctest */,
			);
			name = Products;
			sourceTree = "<group>";
		};
		99C008C03000B26400CDF610 /* HSA Archive */ = {
			isa = PBXGroup;
			children = (
				99C008E23001DE6B00CDF610 /* Components */,
				99C008D73001A49000CDF610 /* Features */,
				99C008ED3002A16100CDF610 /* Modifiers */,
				99C008CC3000B28200CDF610 /* Navigation */,
				99C00904300415A000CDF610 /* Theme */,
				99C008BD3000B26400CDF610 /* Assets.xcassets */,
				99C008BF3000B26400CDF610 /* HSA_ArchiveApp.swift */,
			);
			path = "HSA Archive";
			sourceTree = "<group>";
		};
		99C008C53000B26800CDF610 /* HSA ArchiveTests */ = {
			isa = PBXGroup;
			children = (
				99C008C43000B26800CDF610 /* HSA_ArchiveTests.swift */,
			);
			path = "HSA ArchiveTests";
			sourceTree = "<group>";
		};
		99C008C93000B26C00CDF610 /* HSA ArchiveUITests */ = {
			isa = PBXGroup;
			children = (
				99C008C73000B26C00CDF610 /* HSA_ArchiveUITests.swift */,
				99C008C83000B26C00CDF610 /* HSA_ArchiveUITestsLaunchTests.swift */,
			);
			path = "HSA ArchiveUITests";
			sourceTree = "<group>";
		};
		99C008CC3000B28200CDF610 /* Navigation */ = {
			isa = PBXGroup;
			children = (
				99C008D23000BD4000CDF610 /* StackCoordinators */,
				99C008CD3000B28E00CDF610 /* TabsCoordinator */,
			);
			path = Navigation;
			sourceTree = "<group>";
		};
		99C008CD3000B28E00CDF610 /* TabsCoordinator */ = {
			isa = PBXGroup;
			children = (
				99C008CE3000B2F900CDF610 /* TabsCoordinator.swift */,
				99C008D03000B31F00CDF610 /* TabsCoordinatorViewModel.swift */,
			);
			path = TabsCoordinator;
			sourceTree = "<group>";
		};
		99C008D23000BD4000CDF610 /* StackCoordinators */ = {
			isa = PBXGroup;
			children = (
				99C008D33000BD4F00CDF610 /* HomeCoordinator.swift */,
				99C008D53000BD5600CDF610 /* ReceiptsCoordinator.swift */,
			);
			path = StackCoordinators;
			sourceTree = "<group>";
		};
		99C008D73001A49000CDF610 /* Features */ = {
			isa = PBXGroup;
			children = (
				99C008D93001A49F00CDF610 /* ReceiptsView */,
				99C008D83001A49A00CDF610 /* HomeView */,
			);
			path = Features;
			sourceTree = "<group>";
		};
		99C008D83001A49A00CDF610 /* HomeView */ = {
			isa = PBXGroup;
			children = (
				99C008E730029F7700CDF610 /* Overview */,
				99C008F63002A8C500CDF610 /* RecentActivitySection */,
				99C008F13002A22D00CDF610 /* SyncAccountsView */,
				99C008DC3001A4AE00CDF610 /* HomeView.swift */,
				99C008DA3001A4A900CDF610 /* HomeViewModel.swift */,
			);
			path = HomeView;
			sourceTree = "<group>";
		};
		99C008D93001A49F00CDF610 /* ReceiptsView */ = {
			isa = PBXGroup;
			children = (
				99C008DE3001A57300CDF610 /* ReceiptsView.swift */,
				99C008E03001A57900CDF610 /* ReceiptsViewModel.swift */,
			);
			path = ReceiptsView;
			sourceTree = "<group>";
		};
		99C008E23001DE6B00CDF610 /* Components */ = {
			isa = PBXGroup;
			children = (
				99C008FE30032B7400CDF610 /* Badge */,
				99C008E33001DEB900CDF610 /* DotSeparator */,
				99C008FB3002D77800CDF610 /* ReceiptPreview */,
			);
			path = Components;
			sourceTree = "<group>";
		};
		99C008E33001DEB900CDF610 /* DotSeparator */ = {
			isa = PBXGroup;
			children = (
				99C008E43001DECD00CDF610 /* DotSeparator.swift */,
			);
			path = DotSeparator;
			sourceTree = "<group>";
		};
		99C008E730029F7700CDF610 /* Overview */ = {
			isa = PBXGroup;
			children = (
				99C0090D3004475A00CDF610 /* BalanceCard */,
				99C008E830029F8000CDF610 /* HomeView+Overview.swift */,
			);
			path = Overview;
			sourceTree = "<group>";
		};
		99C008ED3002A16100CDF610 /* Modifiers */ = {
			isa = PBXGroup;
			children = (
				99C00901300345C400CDF610 /* ExtraLargeTitle */,
				99C008EE3002A16B00CDF610 /* CardStyle */,
			);
			path = Modifiers;
			sourceTree = "<group>";
		};
		99C008EE3002A16B00CDF610 /* CardStyle */ = {
			isa = PBXGroup;
			children = (
				99C008EF3002A17600CDF610 /* DefaultCardStyle.swift */,
			);
			path = CardStyle;
			sourceTree = "<group>";
		};
		99C008F13002A22D00CDF610 /* SyncAccountsView */ = {
			isa = PBXGroup;
			children = (
				99C008F23002A24800CDF610 /* HomeView+SyncAccountsView.swift */,
			);
			path = SyncAccountsView;
			sourceTree = "<group>";
		};
		99C008F63002A8C500CDF610 /* RecentActivitySection */ = {
			isa = PBXGroup;
			children = (
				99C008F73002A8E000CDF610 /* HomeView+RecentActivitySection.swift */,
			);
			path = RecentActivitySection;
			sourceTree = "<group>";
		};
		99C008FB3002D77800CDF610 /* ReceiptPreview */ = {
			isa = PBXGroup;
			children = (
				99C008FC3002D78800CDF610 /* ReceiptPreview.swift */,
			);
			path = ReceiptPreview;
			sourceTree = "<group>";
		};
		99C008FE30032B7400CDF610 /* Badge */ = {
			isa = PBXGroup;
			children = (
				99C008FF30032B7A00CDF610 /* Badge.swift */,
			);
			path = Badge;
			sourceTree = "<group>";
		};
		99C00901300345C400CDF610 /* ExtraLargeTitle */ = {
			isa = PBXGroup;
			children = (
				99C00902300345D300CDF610 /* ExtraLargeTitle.swift */,
			);
			path = ExtraLargeTitle;
			sourceTree = "<group>";
		};
		99C00904300415A000CDF610 /* Theme */ = {
			isa = PBXGroup;
			children = (
				99C0090B30043A3400CDF610 /* CornerRadius.swift */,
				99C009103004549900CDF610 /* FormatStyle.swift */,
				99C00905300416F800CDF610 /* ShapeStyle+Colors.swift */,
				99C00907300417EA00CDF610 /* Spacing.swift */,
				99C009093004197100CDF610 /* Theme.swift */,
			);
			path = Theme;
			sourceTree = "<group>";
		};
		99C0090D3004475A00CDF610 /* BalanceCard */ = {
			isa = PBXGroup;
			children = (
				99C0090E3004477100CDF610 /* HomeView+Overview+BalanceCard.swift */,
			);
			path = BalanceCard;
			sourceTree = "<group>";
		};
/* End PBXGroup section */

/* Begin PBXNativeTarget section */
		99C0088F3000ADED00CDF610 /* HSA Archive */ = {
			isa = PBXNativeTarget;
			buildConfigurationList = 99C008B13000ADEF00CDF610 /* Build configuration list for PBXNativeTarget "HSA Archive" */;
			buildPhases = (
				99C0088C3000ADED00CDF610 /* Sources */,
				99C0088D3000ADED00CDF610 /* Frameworks */,
				99C0088E3000ADED00CDF610 /* Resources */,
			);
			buildRules = (
			);
			dependencies = (
			);
			name = "HSA Archive";
			packageProductDependencies = (
				99C008BB3000AE6100CDF610 /* Navigation */,
			);
			productName = "HSA Archive";
			productReference = 99C008903000ADED00CDF610 /* HSA Archive.app */;
			productType = "com.apple.product-type.application";
		};
		99C0089C3000ADEF00CDF610 /* HSA ArchiveTests */ = {
			isa = PBXNativeTarget;
			buildConfigurationList = 99C008B43000ADEF00CDF610 /* Build configuration list for PBXNativeTarget "HSA ArchiveTests" */;
			buildPhases = (
				99C008993000ADEF00CDF610 /* Sources */,
				99C0089A3000ADEF00CDF610 /* Frameworks */,
				99C0089B3000ADEF00CDF610 /* Resources */,
			);
			buildRules = (
			);
			dependencies = (
				99C0089F3000ADEF00CDF610 /* PBXTargetDependency */,
			);
			name = "HSA ArchiveTests";
			packageProductDependencies = (
			);
			productName = "HSA ArchiveTests";
			productReference = 99C0089D3000ADEF00CDF610 /* HSA ArchiveTests.xctest */;
			productType = "com.apple.product-type.bundle.unit-test";
		};
		99C008A63000ADEF00CDF610 /* HSA ArchiveUITests */ = {
			isa = PBXNativeTarget;
			buildConfigurationList = 99C008B73000ADEF00CDF610 /* Build configuration list for PBXNativeTarget "HSA ArchiveUITests" */;
			buildPhases = (
				99C008A33000ADEF00CDF610 /* Sources */,
				99C008A43000ADEF00CDF610 /* Frameworks */,
				99C008A53000ADEF00CDF610 /* Resources */,
			);
			buildRules = (
			);
			dependencies = (
				99C008A93000ADEF00CDF610 /* PBXTargetDependency */,
			);
			name = "HSA ArchiveUITests";
			packageProductDependencies = (
			);
			productName = "HSA ArchiveUITests";
			productReference = 99C008A73000ADEF00CDF610 /* HSA ArchiveUITests.xctest */;
			productType = "com.apple.product-type.bundle.ui-testing";
		};
/* End PBXNativeTarget section */

/* Begin PBXProject section */
		99C008883000ADED00CDF610 /* Project object */ = {
			isa = PBXProject;
			attributes = {
				BuildIndependentTargetsInParallel = 1;
				LastSwiftUpdateCheck = 2600;
				LastUpgradeCheck = 2600;
				TargetAttributes = {
					99C0088F3000ADED00CDF610 = {
						CreatedOnToolsVersion = 26.0.1;
					};
					99C0089C3000ADEF00CDF610 = {
						CreatedOnToolsVersion = 26.0.1;
						TestTargetID = 99C0088F3000ADED00CDF610;
					};
					99C008A63000ADEF00CDF610 = {
						CreatedOnToolsVersion = 26.0.1;
						TestTargetID = 99C0088F3000ADED00CDF610;
					};
				};
			};
			buildConfigurationList = 99C0088B3000ADED00CDF610 /* Build configuration list for PBXProject "HSA Archive" */;
			developmentRegion = en;
			hasScannedForEncodings = 0;
			knownRegions = (
				en,
				Base,
			);
			mainGroup = 99C008873000ADED00CDF610;
			minimizedProjectReferenceProxies = 1;
			packageReferences = (
				99C008BA3000AE6100CDF610 /* XCRemoteSwiftPackageReference "Navigation" */,
			);
			preferredProjectObjectVersion = 77;
			productRefGroup = 99C008913000ADED00CDF610 /* Products */;
			projectDirPath = "";
			projectRoot = "";
			targets = (
				99C0088F3000ADED00CDF610 /* HSA Archive */,
				99C0089C3000ADEF00CDF610 /* HSA ArchiveTests */,
				99C008A63000ADEF00CDF610 /* HSA ArchiveUITests */,
			);
		};
/* End PBXProject section */

/* Begin PBXResourcesBuildPhase section */
		99C0088E3000ADED00CDF610 /* Resources */ = {
			isa = PBXResourcesBuildPhase;
			buildActionMask = 2147483647;
			files = (
				99C008C33000B26400CDF610 /* Assets.xcassets in Resources */,
			);
			runOnlyForDeploymentPostprocessing = 0;
		};
		99C0089B3000ADEF00CDF610 /* Resources */ = {
			isa = PBXResourcesBuildPhase;
			buildActionMask = 2147483647;
			files = (
			);
			runOnlyForDeploymentPostprocessing = 0;
		};
		99C008A53000ADEF00CDF610 /* Resources */ = {
			isa = PBXResourcesBuildPhase;
			buildActionMask = 2147483647;
			files = (
			);
			runOnlyForDeploymentPostprocessing = 0;
		};
/* End PBXResourcesBuildPhase section */

/* Begin PBXSourcesBuildPhase section */
		99C0088C3000ADED00CDF610 /* Sources */ = {
			isa = PBXSourcesBuildPhase;
			buildActionMask = 2147483647;
			files = (
				99C008CF3000B2F900CDF610 /* TabsCoordinator.swift in Sources */,
				99C008F83002A8E000CDF610 /* HomeView+RecentActivitySection.swift in Sources */,
				99C008DB3001A4A900CDF610 /* HomeViewModel.swift in Sources */,
				99C009113004549900CDF610 /* FormatStyle.swift in Sources */,
				99C008D43000BD4F00CDF610 /* HomeCoordinator.swift in Sources */,
				99C00903300345D300CDF610 /* ExtraLargeTitle.swift in Sources */,
				99C008E53001DECD00CDF610 /* DotSeparator.swift in Sources */,
				99C008C23000B26400CDF610 /* HSA_ArchiveApp.swift in Sources */,
				99C008E13001A57900CDF610 /* ReceiptsViewModel.swift in Sources */,
				99C0090C30043A3400CDF610 /* CornerRadius.swift in Sources */,
				99C008DD3001A4AE00CDF610 /* HomeView.swift in Sources */,
				99C008FD3002D78800CDF610 /* ReceiptPreview.swift in Sources */,
				99C008E930029F8000CDF610 /* HomeView+Overview.swift in Sources */,
				99C00906300416F800CDF610 /* ShapeStyle+Colors.swift in Sources */,
				99C008D13000B31F00CDF610 /* TabsCoordinatorViewModel.swift in Sources */,
				99C008F03002A17600CDF610 /* DefaultCardStyle.swift in Sources */,
				99C008DF3001A57300CDF610 /* ReceiptsView.swift in Sources */,
				99C00908300417EA00CDF610 /* Spacing.swift in Sources */,
				99C008D63000BD5600CDF610 /* ReceiptsCoordinator.swift in Sources */,
				99C0090A3004197100CDF610 /* Theme.swift in Sources */,
				99C0090F3004477100CDF610 /* HomeView+Overview+BalanceCard.swift in Sources */,
				99C008F33002A24800CDF610 /* HomeView+SyncAccountsView.swift in Sources */,
				99C0090030032B7A00CDF610 /* Badge.swift in Sources */,
			);
			runOnlyForDeploymentPostprocessing = 0;
		};
		99C008993000ADEF00CDF610 /* Sources */ = {
			isa = PBXSourcesBuildPhase;
			buildActionMask = 2147483647;
			files = (
				99C008C63000B26800CDF610 /* HSA_ArchiveTests.swift in Sources */,
			);
			runOnlyForDeploymentPostprocessing = 0;
		};
		99C008A33000ADEF00CDF610 /* Sources */ = {
			isa = PBXSourcesBuildPhase;
			buildActionMask = 2147483647;
			files = (
				99C008CA3000B26C00CDF610 /* HSA_ArchiveUITests.swift in Sources */,
				99C008CB3000B26C00CDF610 /* HSA_ArchiveUITestsLaunchTests.swift in Sources */,
			);
			runOnlyForDeploymentPostprocessing = 0;
		};
/* End PBXSourcesBuildPhase section */

/* Begin PBXTargetDependency section */
		99C0089F3000ADEF00CDF610 /* PBXTargetDependency */ = {
			isa = PBXTargetDependency;
			target = 99C0088F3000ADED00CDF610 /* HSA Archive */;
			targetProxy = 99C0089E3000ADEF00CDF610 /* PBXContainerItemProxy */;
		};
		99C008A93000ADEF00CDF610 /* PBXTargetDependency */ = {
			isa = PBXTargetDependency;
			target = 99C0088F3000ADED00CDF610 /* HSA Archive */;
			targetProxy = 99C008A83000ADEF00CDF610 /* PBXContainerItemProxy */;
		};
/* End PBXTargetDependency section */

/* Begin XCBuildConfiguration section */
		99C008AF3000ADEF00CDF610 /* Debug */ = {
			isa = XCBuildConfiguration;
			buildSettings = {
				ALWAYS_SEARCH_USER_PATHS = NO;
				ASSETCATALOG_COMPILER_GENERATE_SWIFT_ASSET_SYMBOL_EXTENSIONS = YES;
				CLANG_ANALYZER_NONNULL = YES;
				CLANG_ANALYZER_NUMBER_OBJECT_CONVERSION = YES_AGGRESSIVE;
				CLANG_CXX_LANGUAGE_STANDARD = "gnu++20";
				CLANG_ENABLE_MODULES = YES;
				CLANG_ENABLE_OBJC_ARC = YES;
				CLANG_ENABLE_OBJC_WEAK = YES;
				CLANG_WARN_BLOCK_CAPTURE_AUTORELEASING = YES;
				CLANG_WARN_BOOL_CONVERSION = YES;
				CLANG_WARN_COMMA = YES;
				CLANG_WARN_CONSTANT_CONVERSION = YES;
				CLANG_WARN_DEPRECATED_OBJC_IMPLEMENTATIONS = YES;
				CLANG_WARN_DIRECT_OBJC_ISA_USAGE = YES_ERROR;
				CLANG_WARN_DOCUMENTATION_COMMENTS = YES;
				CLANG_WARN_EMPTY_BODY = YES;
				CLANG_WARN_ENUM_CONVERSION = YES;
				CLANG_WARN_INFINITE_RECURSION = YES;
				CLANG_WARN_INT_CONVERSION = YES;
				CLANG_WARN_NON_LITERAL_NULL_CONVERSION = YES;
				CLANG_WARN_OBJC_IMPLICIT_RETAIN_SELF = YES;
				CLANG_WARN_OBJC_LITERAL_CONVERSION = YES;
				CLANG_WARN_OBJC_ROOT_CLASS = YES_ERROR;
				CLANG_WARN_QUOTED_INCLUDE_IN_FRAMEWORK_HEADER = YES;
				CLANG_WARN_RANGE_LOOP_ANALYSIS = YES;
				CLANG_WARN_STRICT_PROTOTYPES = YES;
				CLANG_WARN_SUSPICIOUS_MOVE = YES;
				CLANG_WARN_UNGUARDED_AVAILABILITY = YES_AGGRESSIVE;
				CLANG_WARN_UNREACHABLE_CODE = YES;
				CLANG_WARN__DUPLICATE_METHOD_MATCH = YES;
				COPY_PHASE_STRIP = NO;
				DEBUG_INFORMATION_FORMAT = dwarf;
				DEVELOPMENT_TEAM = ZYCTKRR744;
				ENABLE_STRICT_OBJC_MSGSEND = YES;
				ENABLE_TESTABILITY = YES;
				ENABLE_USER_SCRIPT_SANDBOXING = YES;
				GCC_C_LANGUAGE_STANDARD = gnu17;
				GCC_DYNAMIC_NO_PIC = NO;
				GCC_NO_COMMON_BLOCKS = YES;
				GCC_OPTIMIZATION_LEVEL = 0;
				GCC_PREPROCESSOR_DEFINITIONS = (
					"DEBUG=1",
					"$(inherited)",
				);
				GCC_WARN_64_TO_32_BIT_CONVERSION = YES;
				GCC_WARN_ABOUT_RETURN_TYPE = YES_ERROR;
				GCC_WARN_UNDECLARED_SELECTOR = YES;
				GCC_WARN_UNINITIALIZED_AUTOS = YES_AGGRESSIVE;
				GCC_WARN_UNUSED_FUNCTION = YES;
				GCC_WARN_UNUSED_VARIABLE = YES;
				IPHONEOS_DEPLOYMENT_TARGET = 18.6;
				LOCALIZATION_PREFERS_STRING_CATALOGS = YES;
				MTL_ENABLE_DEBUG_INFO = INCLUDE_SOURCE;
				MTL_FAST_MATH = YES;
				ONLY_ACTIVE_ARCH = YES;
				SDKROOT = iphoneos;
				SWIFT_ACTIVE_COMPILATION_CONDITIONS = "DEBUG $(inherited)";
				SWIFT_OPTIMIZATION_LEVEL = "-Onone";
			};
			name = Debug;
		};
		99C008B03000ADEF00CDF610 /* Release */ = {
			isa = XCBuildConfiguration;
			buildSettings = {
				ALWAYS_SEARCH_USER_PATHS = NO;
				ASSETCATALOG_COMPILER_GENERATE_SWIFT_ASSET_SYMBOL_EXTENSIONS = YES;
				CLANG_ANALYZER_NONNULL = YES;
				CLANG_ANALYZER_NUMBER_OBJECT_CONVERSION = YES_AGGRESSIVE;
				CLANG_CXX_LANGUAGE_STANDARD = "gnu++20";
				CLANG_ENABLE_MODULES = YES;
				CLANG_ENABLE_OBJC_ARC = YES;
				CLANG_ENABLE_OBJC_WEAK = YES;
				CLANG_WARN_BLOCK_CAPTURE_AUTORELEASING = YES;
				CLANG_WARN_BOOL_CONVERSION = YES;
				CLANG_WARN_COMMA = YES;
				CLANG_WARN_CONSTANT_CONVERSION = YES;
				CLANG_WARN_DEPRECATED_OBJC_IMPLEMENTATIONS = YES;
				CLANG_WARN_DIRECT_OBJC_ISA_USAGE = YES_ERROR;
				CLANG_WARN_DOCUMENTATION_COMMENTS = YES;
				CLANG_WARN_EMPTY_BODY = YES;
				CLANG_WARN_ENUM_CONVERSION = YES;
				CLANG_WARN_INFINITE_RECURSION = YES;
				CLANG_WARN_INT_CONVERSION = YES;
				CLANG_WARN_NON_LITERAL_NULL_CONVERSION = YES;
				CLANG_WARN_OBJC_IMPLICIT_RETAIN_SELF = YES;
				CLANG_WARN_OBJC_LITERAL_CONVERSION = YES;
				CLANG_WARN_OBJC_ROOT_CLASS = YES_ERROR;
				CLANG_WARN_QUOTED_INCLUDE_IN_FRAMEWORK_HEADER = YES;
				CLANG_WARN_RANGE_LOOP_ANALYSIS = YES;
				CLANG_WARN_STRICT_PROTOTYPES = YES;
				CLANG_WARN_SUSPICIOUS_MOVE = YES;
				CLANG_WARN_UNGUARDED_AVAILABILITY = YES_AGGRESSIVE;
				CLANG_WARN_UNREACHABLE_CODE = YES;
				CLANG_WARN__DUPLICATE_METHOD_MATCH = YES;
				COPY_PHASE_STRIP = NO;
				DEBUG_INFORMATION_FORMAT = "dwarf-with-dsym";
				DEVELOPMENT_TEAM = ZYCTKRR744;
				ENABLE_NS_ASSERTIONS = NO;
				ENABLE_STRICT_OBJC_MSGSEND = YES;
				ENABLE_USER_SCRIPT_SANDBOXING = YES;
				GCC_C_LANGUAGE_STANDARD = gnu17;
				GCC_NO_COMMON_BLOCKS = YES;
				GCC_WARN_64_TO_32_BIT_CONVERSION = YES;
				GCC_WARN_ABOUT_RETURN_TYPE = YES_ERROR;
				GCC_WARN_UNDECLARED_SELECTOR = YES;
				GCC_WARN_UNINITIALIZED_AUTOS = YES_AGGRESSIVE;
				GCC_WARN_UNUSED_FUNCTION = YES;
				GCC_WARN_UNUSED_VARIABLE = YES;
				IPHONEOS_DEPLOYMENT_TARGET = 18.6;
				LOCALIZATION_PREFERS_STRING_CATALOGS = YES;
				MTL_ENABLE_DEBUG_INFO = NO;
				MTL_FAST_MATH = YES;
				SDKROOT = iphoneos;
				SWIFT_COMPILATION_MODE = wholemodule;
				VALIDATE_PRODUCT = YES;
			};
			name = Release;
		};
		99C008B23000ADEF00CDF610 /* Debug */ = {
			isa = XCBuildConfiguration;
			buildSettings = {
				ASSETCATALOG_COMPILER_APPICON_NAME = AppIcon;
				ASSETCATALOG_COMPILER_GLOBAL_ACCENT_COLOR_NAME = AccentColor;
				CODE_SIGN_STYLE = Automatic;
				CURRENT_PROJECT_VERSION = 1;
				DEVELOPMENT_TEAM = ZYCTKRR744;
				ENABLE_PREVIEWS = YES;
				GENERATE_INFOPLIST_FILE = YES;
				INFOPLIST_KEY_UIApplicationSceneManifest_Generation = YES;
				INFOPLIST_KEY_UIApplicationSupportsIndirectInputEvents = YES;
				INFOPLIST_KEY_UILaunchScreen_Generation = YES;
				INFOPLIST_KEY_UISupportedInterfaceOrientations_iPad = "UIInterfaceOrientationPortrait UIInterfaceOrientationPortraitUpsideDown UIInterfaceOrientationLandscapeLeft UIInterfaceOrientationLandscapeRight";
				INFOPLIST_KEY_UISupportedInterfaceOrientations_iPhone = "UIInterfaceOrientationPortrait UIInterfaceOrientationLandscapeLeft UIInterfaceOrientationLandscapeRight";
				LD_RUNPATH_SEARCH_PATHS = (
					"$(inherited)",
					"@executable_path/Frameworks",
				);
				MARKETING_VERSION = 1.0;
				PRODUCT_BUNDLE_IDENTIFIER = "me.nimcheski.chris.HSA-Archive";
				PRODUCT_NAME = "$(TARGET_NAME)";
				STRING_CATALOG_GENERATE_SYMBOLS = YES;
				SWIFT_APPROACHABLE_CONCURRENCY = YES;
				SWIFT_DEFAULT_ACTOR_ISOLATION = MainActor;
				SWIFT_EMIT_LOC_STRINGS = YES;
				SWIFT_UPCOMING_FEATURE_MEMBER_IMPORT_VISIBILITY = YES;
				SWIFT_VERSION = 5.0;
				TARGETED_DEVICE_FAMILY = "1,2";
			};
			name = Debug;
		};
		99C008B33000ADEF00CDF610 /* Release */ = {
			isa = XCBuildConfiguration;
			buildSettings = {
				ASSETCATALOG_COMPILER_APPICON_NAME = AppIcon;
				ASSETCATALOG_COMPILER_GLOBAL_ACCENT_COLOR_NAME = AccentColor;
				CODE_SIGN_STYLE = Automatic;
				CURRENT_PROJECT_VERSION = 1;
				DEVELOPMENT_TEAM = ZYCTKRR744;
				ENABLE_PREVIEWS = YES;
				GENERATE_INFOPLIST_FILE = YES;
				INFOPLIST_KEY_UIApplicationSceneManifest_Generation = YES;
				INFOPLIST_KEY_UIApplicationSupportsIndirectInputEvents = YES;
				INFOPLIST_KEY_UILaunchScreen_Generation = YES;
				INFOPLIST_KEY_UISupportedInterfaceOrientations_iPad = "UIInterfaceOrientationPortrait UIInterfaceOrientationPortraitUpsideDown UIInterfaceOrientationLandscapeLeft UIInterfaceOrientationLandscapeRight";
				INFOPLIST_KEY_UISupportedInterfaceOrientations_iPhone = "UIInterfaceOrientationPortrait UIInterfaceOrientationLandscapeLeft UIInterfaceOrientationLandscapeRight";
				LD_RUNPATH_SEARCH_PATHS = (
					"$(inherited)",
					"@executable_path/Frameworks",
				);
				MARKETING_VERSION = 1.0;
				PRODUCT_BUNDLE_IDENTIFIER = "me.nimcheski.chris.HSA-Archive";
				PRODUCT_NAME = "$(TARGET_NAME)";
				STRING_CATALOG_GENERATE_SYMBOLS = YES;
				SWIFT_APPROACHABLE_CONCURRENCY = YES;
				SWIFT_DEFAULT_ACTOR_ISOLATION = MainActor;
				SWIFT_EMIT_LOC_STRINGS = YES;
				SWIFT_UPCOMING_FEATURE_MEMBER_IMPORT_VISIBILITY = YES;
				SWIFT_VERSION = 5.0;
				TARGETED_DEVICE_FAMILY = "1,2";
			};
			name = Release;
		};
		99C008B53000ADEF00CDF610 /* Debug */ = {
			isa = XCBuildConfiguration;
			buildSettings = {
				BUNDLE_LOADER = "$(TEST_HOST)";
				CODE_SIGN_STYLE = Automatic;
				CURRENT_PROJECT_VERSION = 1;
				DEVELOPMENT_TEAM = ZYCTKRR744;
				GENERATE_INFOPLIST_FILE = YES;
				IPHONEOS_DEPLOYMENT_TARGET = 26.0;
				MARKETING_VERSION = 1.0;
				PRODUCT_BUNDLE_IDENTIFIER = "me.nimcheski.chris.HSA-ArchiveTests";
				PRODUCT_NAME = "$(TARGET_NAME)";
				STRING_CATALOG_GENERATE_SYMBOLS = NO;
				SWIFT_APPROACHABLE_CONCURRENCY = YES;
				SWIFT_EMIT_LOC_STRINGS = NO;
				SWIFT_UPCOMING_FEATURE_MEMBER_IMPORT_VISIBILITY = YES;
				SWIFT_VERSION = 5.0;
				TARGETED_DEVICE_FAMILY = "1,2";
				TEST_HOST = "$(BUILT_PRODUCTS_DIR)/HSA Archive.app/$(BUNDLE_EXECUTABLE_FOLDER_PATH)/HSA Archive";
			};
			name = Debug;
		};
		99C008B63000ADEF00CDF610 /* Release */ = {
			isa = XCBuildConfiguration;
			buildSettings = {
				BUNDLE_LOADER = "$(TEST_HOST)";
				CODE_SIGN_STYLE = Automatic;
				CURRENT_PROJECT_VERSION = 1;
				DEVELOPMENT_TEAM = ZYCTKRR744;
				GENERATE_INFOPLIST_FILE = YES;
				IPHONEOS_DEPLOYMENT_TARGET = 26.0;
				MARKETING_VERSION = 1.0;
				PRODUCT_BUNDLE_IDENTIFIER = "me.nimcheski.chris.HSA-ArchiveTests";
				PRODUCT_NAME = "$(TARGET_NAME)";
				STRING_CATALOG_GENERATE_SYMBOLS = NO;
				SWIFT_APPROACHABLE_CONCURRENCY = YES;
				SWIFT_EMIT_LOC_STRINGS = NO;
				SWIFT_UPCOMING_FEATURE_MEMBER_IMPORT_VISIBILITY = YES;
				SWIFT_VERSION = 5.0;
				TARGETED_DEVICE_FAMILY = "1,2";
				TEST_HOST = "$(BUILT_PRODUCTS_DIR)/HSA Archive.app/$(BUNDLE_EXECUTABLE_FOLDER_PATH)/HSA Archive";
			};
			name = Release;
		};
		99C008B83000ADEF00CDF610 /* Debug */ = {
			isa = XCBuildConfiguration;
			buildSettings = {
				CODE_SIGN_STYLE = Automatic;
				CURRENT_PROJECT_VERSION = 1;
				DEVELOPMENT_TEAM = ZYCTKRR744;
				GENERATE_INFOPLIST_FILE = YES;
				MARKETING_VERSION = 1.0;
				PRODUCT_BUNDLE_IDENTIFIER = "me.nimcheski.chris.HSA-ArchiveUITests";
				PRODUCT_NAME = "$(TARGET_NAME)";
				STRING_CATALOG_GENERATE_SYMBOLS = NO;
				SWIFT_APPROACHABLE_CONCURRENCY = YES;
				SWIFT_EMIT_LOC_STRINGS = NO;
				SWIFT_UPCOMING_FEATURE_MEMBER_IMPORT_VISIBILITY = YES;
				SWIFT_VERSION = 5.0;
				TARGETED_DEVICE_FAMILY = "1,2";
				TEST_TARGET_NAME = "HSA Archive";
			};
			name = Debug;
		};
		99C008B93000ADEF00CDF610 /* Release */ = {
			isa = XCBuildConfiguration;
			buildSettings = {
				CODE_SIGN_STYLE = Automatic;
				CURRENT_PROJECT_VERSION = 1;
				DEVELOPMENT_TEAM = ZYCTKRR744;
				GENERATE_INFOPLIST_FILE = YES;
				MARKETING_VERSION = 1.0;
				PRODUCT_BUNDLE_IDENTIFIER = "me.nimcheski.chris.HSA-ArchiveUITests";
				PRODUCT_NAME = "$(TARGET_NAME)";
				STRING_CATALOG_GENERATE_SYMBOLS = NO;
				SWIFT_APPROACHABLE_CONCURRENCY = YES;
				SWIFT_EMIT_LOC_STRINGS = NO;
				SWIFT_UPCOMING_FEATURE_MEMBER_IMPORT_VISIBILITY = YES;
				SWIFT_VERSION = 5.0;
				TARGETED_DEVICE_FAMILY = "1,2";
				TEST_TARGET_NAME = "HSA Archive";
			};
			name = Release;
		};
/* End XCBuildConfiguration section */

/* Begin XCConfigurationList section */
		99C0088B3000ADED00CDF610 /* Build configuration list for PBXProject "HSA Archive" */ = {
			isa = XCConfigurationList;
			buildConfigurations = (
				99C008AF3000ADEF00CDF610 /* Debug */,
				99C008B03000ADEF00CDF610 /* Release */,
			);
			defaultConfigurationIsVisible = 0;
			defaultConfigurationName = Release;
		};
		99C008B13000ADEF00CDF610 /* Build configuration list for PBXNativeTarget "HSA Archive" */ = {
			isa = XCConfigurationList;
			buildConfigurations = (
				99C008B23000ADEF00CDF610 /* Debug */,
				99C008B33000ADEF00CDF610 /* Release */,
			);
			defaultConfigurationIsVisible = 0;
			defaultConfigurationName = Release;
		};
		99C008B43000ADEF00CDF610 /* Build configuration list for PBXNativeTarget "HSA ArchiveTests" */ = {
			isa = XCConfigurationList;
			buildConfigurations = (
				99C008B53000ADEF00CDF610 /* Debug */,
				99C008B63000ADEF00CDF610 /* Release */,
			);
			defaultConfigurationIsVisible = 0;
			defaultConfigurationName = Release;
		};
		99C008B73000ADEF00CDF610 /* Build configuration list for PBXNativeTarget "HSA ArchiveUITests" */ = {
			isa = XCConfigurationList;
			buildConfigurations = (
				99C008B83000ADEF00CDF610 /* Debug */,
				99C008B93000ADEF00CDF610 /* Release */,
			);
			defaultConfigurationIsVisible = 0;
			defaultConfigurationName = Release;
		};
/* End XCConfigurationList section */

/* Begin XCRemoteSwiftPackageReference section */
		99C008BA3000AE6100CDF610 /* XCRemoteSwiftPackageReference "Navigation" */ = {
			isa = XCRemoteSwiftPackageReference;
			repositoryURL = "https://github.com/cnimcheski/Navigation.git";
			requirement = {
				kind = upToNextMajorVersion;
				minimumVersion = 1.0.1;
			};
		};
/* End XCRemoteSwiftPackageReference section */

/* Begin XCSwiftPackageProductDependency section */
		99C008BB3000AE6100CDF610 /* Navigation */ = {
			isa = XCSwiftPackageProductDependency;
			package = 99C008BA3000AE6100CDF610 /* XCRemoteSwiftPackageReference "Navigation" */;
			productName = Navigation;
		};
/* End XCSwiftPackageProductDependency section */
	};
	rootObject = 99C008883000ADED00CDF610 /* Project object */;
}
